
Microsoft Visual Studio Solution File, Format Version 12.00
# Visual Studio Version 17
VisualStudioVersion = 17.9.34723.18
MinimumVisualStudioVersion = 10.0.40219.1
Project("{9A19103F-16F7-4668-BE54-9A1E7A4F7556}") = "SampleApp", "SampleApp.csproj", "{0CC7DAD5-5D1A-4CA0-BB78-156603690C29}"
EndProject
Global
	GlobalSection(SolutionConfigurationPlatforms) = preSolution
		Debug|Any CPU = Debug|Any CPU
		Release|Any CPU = Release|Any CPU
	EndGlobalSection
	GlobalSection(ProjectConfigurationPlatforms) = postSolution
		{0CC7DAD5-5D1A-4CA0-BB78-156603690C29}.Debug|Any CPU.ActiveCfg = Debug|Any CPU
		{0CC7DAD5-5D1A-4CA0-BB78-156603690C29}.Debug|Any CPU.Build.0 = Debug|Any CPU
		{0CC7DAD5-5D1A-4CA0-BB78-156603690C29}.Debug|Any CPU.Deploy.0 = Debug|Any CPU
		{0CC7DAD5-5D1A-4CA0-BB78-156603690C29}.Release|Any CPU.ActiveCfg = Release|Any CPU
		{0CC7DAD5-5D1A-4CA0-BB78-156603690C29}.Release|Any CPU.Build.0 = Release|Any CPU
		{0CC7DAD5-5D1A-4CA0-BB78-156603690C29}.Release|Any CPU.Deploy.0 = Release|Any CPU
	EndGlobalSection
	GlobalSection(SolutionProperties) = preSolution
		HideSolutionNode = FALSE
	EndGlobalSection
	GlobalSection(ExtensibilityGlobals) = postSolution
		SolutionGuid = {D8E1AA0F-CD72-474B-A8B0-70AFFD01C2E4}
	EndGlobalSection
EndGlobal
